// !$*UTF8*$!
{
	archiveVersion = 1;
	classes = {
	};
	objectVersion = 56;
	objects = {
		3C1A2B3C4D5E6F7G8H9I0J1K2L3M4N5O = {
			isa = PBXBuildFile;
			fileRef = 3C1A2B3C4D5E6F7G8H9I0J1K2L3M4N5P;
		};
		3C1A2B3C4D5E6F7G8H9I0J1K2L3M4N5Q = {
			isa = PBXFileReference;
			explicitFileType = sourcecode.swift;
			path = AppDelegate.swift;
			sourceTree = "<group>";
		};
		3C1A2B3C4D5E6F7G8H9I0J1K2L3M4N5R = {
			isa = PBXFileReference;
			explicitFileType = sourcecode.swift;
			path = SceneDelegate.swift;
			sourceTree = "<group>";
		};
		3C1A2B3C4D5E6F7G8H9I0J1K2L3M4N5S = {
			isa = PBXFileReference;
			explicitFileType = sourcecode.swift;
			path = MainViewController.swift;
			sourceTree = "<group>";
		};
		3C1A2B3C4D5E6F7G8H9I0J1K2L3M4N5T = {
			isa = PBXFileReference;
			fileEncoding = 4;
			lastKnownFileType = text.plist.xml;
			path = Info.plist;
			sourceTree = "<group>";
		};
	};
	rootObject = 3C1A2B3C4D5E6F7G8H9I0J1K2L3M4N5U;
}
